
Microsoft Visual Studio Solution File, Format Version 12.00
# Visual Studio Version 17
VisualStudioVersion = 17.9.34701.34
MinimumVisualStudioVersion = 10.0.40219.1
Project("{FAE04EC0-301F-11D3-BF4B-00C04F79EFBC}") = "WpfApp3", "WpfApp3\WpfApp3.csproj", "{31D5F8E7-B93D-434C-9896-1A7A91297CAC}"
EndProject
Global
	GlobalSection(SolutionConfigurationPlatforms) = preSolution
		Debug|Any CPU = Debug|Any CPU
		Release|Any CPU = Release|Any CPU
	EndGlobalSection
	GlobalSection(ProjectConfigurationPlatforms) = postSolution
		{31D5F8E7-B93D-434C-9896-1A7A91297CAC}.Debug|Any CPU.ActiveCfg = Debug|Any CPU
		{31D5F8E7-B93D-434C-9896-1A7A91297CAC}.Debug|Any CPU.Build.0 = Debug|Any CPU
		{31D5F8E7-B93D-434C-9896-1A7A91297CAC}.Release|Any CPU.ActiveCfg = Release|Any CPU
		{31D5F8E7-B93D-434C-9896-1A7A91297CAC}.Release|Any CPU.Build.0 = Release|Any CPU
	EndGlobalSection
	GlobalSection(SolutionProperties) = preSolution
		HideSolutionNode = FALSE
	EndGlobalSection
	GlobalSection(ExtensibilityGlobals) = postSolution
		SolutionGuid = {686BEC26-0D0D-469B-88CD-B31565E4CC35}
	EndGlobalSection
EndGlobal
